
Microsoft Visual Studio Solution File, Format Version 12.00
# Visual Studio Version 17
VisualStudioVersion = 17.10.35027.167
MinimumVisualStudioVersion = 10.0.40219.1
Project("{FAE04EC0-301F-11D3-BF4B-00C04F79EFBC}") = "VintageApp.Data", "VintageApp.Data\VintageApp.Data.csproj", "{058232F6-D394-49B2-8262-4162F9C505B7}"
EndProject
Project("{FAE04EC0-301F-11D3-BF4B-00C04F79EFBC}") = "VintageApp.Business", "VintageApp.Business\VintageApp.Business.csproj", "{B0D65034-3CD5-4C33-8499-1C70F9E787FA}"
EndProject
Project("{FAE04EC0-301F-11D3-BF4B-00C04F79EFBC}") = "VintageApp.WebApi", "VintageApp.WebApi\VintageApp.WebApi.csproj", "{322435EF-FE26-4473-8682-DD4BE05551B2}"
EndProject
Global
	GlobalSection(SolutionConfigurationPlatforms) = preSolution
		Debug|Any CPU = Debug|Any CPU
		Release|Any CPU = Release|Any CPU
	EndGlobalSection
	GlobalSection(ProjectConfigurationPlatforms) = postSolution
		{058232F6-D394-49B2-8262-4162F9C505B7}.Debug|Any CPU.ActiveCfg = Debug|Any CPU
		{058232F6-D394-49B2-8262-4162F9C505B7}.Debug|Any CPU.Build.0 = Debug|Any CPU
		{058232F6-D394-49B2-8262-4162F9C505B7}.Release|Any CPU.ActiveCfg = Release|Any CPU
		{058232F6-D394-49B2-8262-4162F9C505B7}.Release|Any CPU.Build.0 = Release|Any CPU
		{B0D65034-3CD5-4C33-8499-1C70F9E787FA}.Debug|Any CPU.ActiveCfg = Debug|Any CPU
		{B0D65034-3CD5-4C33-8499-1C70F9E787FA}.Debug|Any CPU.Build.0 = Debug|Any CPU
		{B0D65034-3CD5-4C33-8499-1C70F9E787FA}.Release|Any CPU.ActiveCfg = Release|Any CPU
		{B0D65034-3CD5-4C33-8499-1C70F9E787FA}.Release|Any CPU.Build.0 = Release|Any CPU
		{322435EF-FE26-4473-8682-DD4BE05551B2}.Debug|Any CPU.ActiveCfg = Debug|Any CPU
		{322435EF-FE26-4473-8682-DD4BE05551B2}.Debug|Any CPU.Build.0 = Debug|Any CPU
		{322435EF-FE26-4473-8682-DD4BE05551B2}.Release|Any CPU.ActiveCfg = Release|Any CPU
		{322435EF-FE26-4473-8682-DD4BE05551B2}.Release|Any CPU.Build.0 = Release|Any CPU
	EndGlobalSection
	GlobalSection(SolutionProperties) = preSolution
		HideSolutionNode = FALSE
	EndGlobalSection
	GlobalSection(ExtensibilityGlobals) = postSolution
		SolutionGuid = {A215B7A4-9E65-41B9-A28D-90407D9CA56F}
	EndGlobalSection
EndGlobal
